
Microsoft Visual Studio Solution File, Format Version 12.00
# Visual Studio Version 17
VisualStudioVersion = 17.8.34525.116
MinimumVisualStudioVersion = 10.0.40219.1
Project("{888888A0-9F3D-457C-B088-3A5042F75D52}") = "Identify", "Identify.pyproj", "{82480783-D6AD-42B3-B632-385CFA00FC4F}"
EndProject
Global
	GlobalSection(SolutionConfigurationPlatforms) = preSolution
		Debug|Any CPU = Debug|Any CPU
		Release|Any CPU = Release|Any CPU
	EndGlobalSection
	GlobalSection(ProjectConfigurationPlatforms) = postSolution
		{82480783-D6AD-42B3-B632-385CFA00FC4F}.Debug|Any CPU.ActiveCfg = Debug|Any CPU
		{82480783-D6AD-42B3-B632-385CFA00FC4F}.Release|Any CPU.ActiveCfg = Release|Any CPU
	EndGlobalSection
	GlobalSection(SolutionProperties) = preSolution
		HideSolutionNode = FALSE
	EndGlobalSection
	GlobalSection(ExtensibilityGlobals) = postSolution
		SolutionGuid = {4B5AA3BC-CEED-4797-B913-5BDEDF87BB5F}
	EndGlobalSection
EndGlobal
